// !$*UTF8*$!
{
	archiveVersion = 1;
	classes = {
	};
	objectVersion = 50;
	objects = {

/* Begin PBXBuildFile section */
		0D0D41CF23E31D4B0077D6E1 /* AppDelegate.swift in Sources */ = {isa = PBXBuildFile; fileRef = 0D0D41CE23E31D4B0077D6E1 /* AppDelegate.swift */; };
		0D0D41D123E31D4B0077D6E1 /* SceneDelegate.swift in Sources */ = {isa = PBXBuildFile; fileRef = 0D0D41D023E31D4B0077D6E1 /* SceneDelegate.swift */; };
		0D0D41D623E31D4B0077D6E1 /* Main.storyboard in Resources */ = {isa = PBXBuildFile; fileRef = 0D0D41D423E31D4B0077D6E1 /* Main.storyboard */; };
		0D0D41D823E31D560077D6E1 /* Assets.xcassets in Resources */ = {isa = PBXBuildFile; fileRef = 0D0D41D723E31D560077D6E1 /* Assets.xcassets */; };
		0D0D41DB23E31D560077D6E1 /* LaunchScreen.storyboard in Resources */ = {isa = PBXBuildFile; fileRef = 0D0D41D923E31D560077D6E1 /* LaunchScreen.storyboard */; };
		0D0D41F823E34AC10077D6E1 /* SalientButton.swift in Sources */ = {isa = PBXBuildFile; fileRef = 0D0D41F723E34AC10077D6E1 /* SalientButton.swift */; };
		0D0D41FA23E34BED0077D6E1 /* ChangeViewController.swift in Sources */ = {isa = PBXBuildFile; fileRef = 0D0D41F923E34BED0077D6E1 /* ChangeViewController.swift */; };
		0D0D41FC23E35CD60077D6E1 /* UIButton.swift in Sources */ = {isa = PBXBuildFile; fileRef = 0D0D41FB23E35CD60077D6E1 /* UIButton.swift */; };
		0D0D420223E57E540077D6E1 /* TranslationViewController.swift in Sources */ = {isa = PBXBuildFile; fileRef = 0D0D420123E57E530077D6E1 /* TranslationViewController.swift */; };
		0D0D421023E98F440077D6E1 /* ChangeService.swift in Sources */ = {isa = PBXBuildFile; fileRef = 0D0D420F23E98F440077D6E1 /* ChangeService.swift */; };
		0D0D421223E991CF0077D6E1 /* ChangeDelegate.swift in Sources */ = {isa = PBXBuildFile; fileRef = 0D0D421123E991CF0077D6E1 /* ChangeDelegate.swift */; };
		0D46214723FBDA4300F170F6 /* UIViewController.swift in Sources */ = {isa = PBXBuildFile; fileRef = 0D46214623FBDA4300F170F6 /* UIViewController.swift */; };
		0D46214A23FBDA9100F170F6 /* Notification.Name.swift in Sources */ = {isa = PBXBuildFile; fileRef = 0D46214923FBDA9100F170F6 /* Notification.Name.swift */; };
		0D46214C23FBDBC200F170F6 /* Notification.swift in Sources */ = {isa = PBXBuildFile; fileRef = 0D46214B23FBDBC200F170F6 /* Notification.swift */; };
		0D46217723FC501900F170F6 /* UIView.swift in Sources */ = {isa = PBXBuildFile; fileRef = 0D46217623FC501900F170F6 /* UIView.swift */; };
		0D46217923FC505200F170F6 /* Alert.storyboard in Resources */ = {isa = PBXBuildFile; fileRef = 0D46217823FC505200F170F6 /* Alert.storyboard */; };
		0D46217B23FC532000F170F6 /* AlertService.swift in Sources */ = {isa = PBXBuildFile; fileRef = 0D46217A23FC532000F170F6 /* AlertService.swift */; };
		0D46217D23FC537900F170F6 /* AlertViewController.swift in Sources */ = {isa = PBXBuildFile; fileRef = 0D46217C23FC537900F170F6 /* AlertViewController.swift */; };
		0D4999C823ECBE8000F33A93 /* TranslateDecodable.swift in Sources */ = {isa = PBXBuildFile; fileRef = 0D4999C723ECBE8000F33A93 /* TranslateDecodable.swift */; };
		0D4999CA23ECBF4900F33A93 /* LanguageStorage.swift in Sources */ = {isa = PBXBuildFile; fileRef = 0D4999C923ECBF4900F33A93 /* LanguageStorage.swift */; };
		0D4999CC23ECBFB600F33A93 /* LanguageService.swift in Sources */ = {isa = PBXBuildFile; fileRef = 0D4999CB23ECBFB600F33A93 /* LanguageService.swift */; };
		0D5CA79423F4485B005C1B84 /* SegueIdentifier.swift in Sources */ = {isa = PBXBuildFile; fileRef = 0D5CA79323F4485B005C1B84 /* SegueIdentifier.swift */; };
		0D5F45A123FB273800F8223A /* HeaderCell.swift in Sources */ = {isa = PBXBuildFile; fileRef = 0D5F45A023FB273800F8223A /* HeaderCell.swift */; };
		0D5F800F23F7EA65002FCEB1 /* UserPreferencesViewController.swift in Sources */ = {isa = PBXBuildFile; fileRef = 0D5F800E23F7EA65002FCEB1 /* UserPreferencesViewController.swift */; };
		0D5F801223F8090B002FCEB1 /* UserPreferences.swift in Sources */ = {isa = PBXBuildFile; fileRef = 0D5F801123F8090B002FCEB1 /* UserPreferences.swift */; };
		0D608EAE23EF3691008E68C9 /* ApiKeys.swift in Sources */ = {isa = PBXBuildFile; fileRef = 0D608EAD23EF3691008E68C9 /* ApiKeys.swift */; };
		0D608EB023EF37DD008E68C9 /* ApiService.swift in Sources */ = {isa = PBXBuildFile; fileRef = 0D608EAF23EF37DD008E68C9 /* ApiService.swift */; };
		0D608EB323EF4C79008E68C9 /* WeatherViewController.swift in Sources */ = {isa = PBXBuildFile; fileRef = 0D608EB223EF4C79008E68C9 /* WeatherViewController.swift */; };
		0D608EBA23F09740008E68C9 /* WeatherDecodable.swift in Sources */ = {isa = PBXBuildFile; fileRef = 0D608EB923F09740008E68C9 /* WeatherDecodable.swift */; };
		0D611D6D24055D930026D220 /* ApiServiceTest.swift in Sources */ = {isa = PBXBuildFile; fileRef = 0D611D6C24055D930026D220 /* ApiServiceTest.swift */; };
		0D611D72240565E90026D220 /* GoogleTranslate.json in Resources */ = {isa = PBXBuildFile; fileRef = 0D611D71240565E90026D220 /* GoogleTranslate.json */; };
		0D611D7424056F700026D220 /* GoogleLanguages.json in Resources */ = {isa = PBXBuildFile; fileRef = 0D611D7324056F700026D220 /* GoogleLanguages.json */; };
		0D611D782405705F0026D220 /* FixerList.json in Resources */ = {isa = PBXBuildFile; fileRef = 0D611D772405705F0026D220 /* FixerList.json */; };
		0D611D7A240577E90026D220 /* WeatherForecastUrl.json in Resources */ = {isa = PBXBuildFile; fileRef = 0D611D79240577E90026D220 /* WeatherForecastUrl.json */; };
		0D611D7C240581D90026D220 /* WeatherMultipleId.json in Resources */ = {isa = PBXBuildFile; fileRef = 0D611D7B240581D90026D220 /* WeatherMultipleId.json */; };
		0D611D7E24058F650026D220 /* GeodbApi.json in Resources */ = {isa = PBXBuildFile; fileRef = 0D611D7D24058F650026D220 /* GeodbApi.json */; };
		0D611D802405985D0026D220 /* WeatherSingleIdUrl.json in Resources */ = {isa = PBXBuildFile; fileRef = 0D611D7F2405985D0026D220 /* WeatherSingleIdUrl.json */; };
		0D6128E823F578B100E2C5D4 /* CurrencyStorage.swift in Sources */ = {isa = PBXBuildFile; fileRef = 0D6128E723F578B100E2C5D4 /* CurrencyStorage.swift */; };
		0D6128EA23F578F700E2C5D4 /* CurrencyDecodable.swift in Sources */ = {isa = PBXBuildFile; fileRef = 0D6128E923F578F700E2C5D4 /* CurrencyDecodable.swift */; };
		0D615AED24044BD300A87B01 /* FixerExchange.json in Resources */ = {isa = PBXBuildFile; fileRef = 0D615AEC24044BD300A87B01 /* FixerExchange.json */; };
		0D615AF124044C4D00A87B01 /* FakeResponseData.swift in Sources */ = {isa = PBXBuildFile; fileRef = 0D615AF024044C4D00A87B01 /* FakeResponseData.swift */; };
		0D615AF324044CC800A87B01 /* UrlSessionFake.swift in Sources */ = {isa = PBXBuildFile; fileRef = 0D615AF224044CC800A87B01 /* UrlSessionFake.swift */; };
		0D622EC223FEA10900CDF24C /* CollectionViewCustomCell.swift in Sources */ = {isa = PBXBuildFile; fileRef = 0D622EC123FEA10900CDF24C /* CollectionViewCustomCell.swift */; };
		0D676700240947DB008DA301 /* LanguageServiceTests.swift in Sources */ = {isa = PBXBuildFile; fileRef = 0D6766FF240947DB008DA301 /* LanguageServiceTests.swift */; };
		0D67670224094CB8008DA301 /* LanguageStorageTest.swift in Sources */ = {isa = PBXBuildFile; fileRef = 0D67670124094CB8008DA301 /* LanguageStorageTest.swift */; };
		0D676705240A78E5008DA301 /* APIKeys.plist in Resources */ = {isa = PBXBuildFile; fileRef = 0D676704240A78E5008DA301 /* APIKeys.plist */; };
		0D676707240A7B8A008DA301 /* ApiKeysAccess.swift in Sources */ = {isa = PBXBuildFile; fileRef = 0D676706240A7B8A008DA301 /* ApiKeysAccess.swift */; };
		0D676709240ADA05008DA301 /* WeatherServiceTests.swift in Sources */ = {isa = PBXBuildFile; fileRef = 0D676708240ADA05008DA301 /* WeatherServiceTests.swift */; };
		0D94158A23FDB57400BA83A8 /* WeatherDetailViewController.swift in Sources */ = {isa = PBXBuildFile; fileRef = 0D94158923FDB57400BA83A8 /* WeatherDetailViewController.swift */; };
		0D9E961523F2C555004EC21E /* WeatherService.swift in Sources */ = {isa = PBXBuildFile; fileRef = 0D9E961423F2C555004EC21E /* WeatherService.swift */; };
		0D9E961723F32104004EC21E /* ContentCell.swift in Sources */ = {isa = PBXBuildFile; fileRef = 0D9E961623F32104004EC21E /* ContentCell.swift */; };
		0D9E961923F3224E004EC21E /* TableViewController.swift in Sources */ = {isa = PBXBuildFile; fileRef = 0D9E961823F3224E004EC21E /* TableViewController.swift */; };
		0DAF467A24008CED0002BF1B /* SearchCityViewController.swift in Sources */ = {isa = PBXBuildFile; fileRef = 0DAF467924008CED0002BF1B /* SearchCityViewController.swift */; };
		0DAF467C240095FF0002BF1B /* CitiesList.swift in Sources */ = {isa = PBXBuildFile; fileRef = 0DAF467B240095FF0002BF1B /* CitiesList.swift */; };
		0DFA2E832408695400B4D515 /* ChangeServiceTests.swift in Sources */ = {isa = PBXBuildFile; fileRef = 0DFA2E822408695400B4D515 /* ChangeServiceTests.swift */; };
		0DFA2E8524086A3D00B4D515 /* CurrencyTest.swift in Sources */ = {isa = PBXBuildFile; fileRef = 0DFA2E8424086A3C00B4D515 /* CurrencyTest.swift */; };
/* End PBXBuildFile section */

/* Begin PBXContainerItemProxy section */
		0D0D41E223E31D570077D6E1 /* PBXContainerItemProxy */ = {
			isa = PBXContainerItemProxy;
			containerPortal = 0D0D41C323E31D4B0077D6E1 /* Project object */;
			proxyType = 1;
			remoteGlobalIDString = 0D0D41CA23E31D4B0077D6E1;
			remoteInfo = LeBaluchon;
		};
/* End PBXContainerItemProxy section */

/* Begin PBXFileReference section */
		0D0D41CB23E31D4B0077D6E1 /* LeBaluchon.app */ = {isa = PBXFileReference; explicitFileType = wrapper.application; includeInIndex = 0; path = LeBaluchon.app; sourceTree = BUILT_PRODUCTS_DIR; };
		0D0D41CE23E31D4B0077D6E1 /* AppDelegate.swift */ = {isa = PBXFileReference; lastKnownFileType = sourcecode.swift; path = AppDelegate.swift; sourceTree = "<group>"; };
		0D0D41D023E31D4B0077D6E1 /* SceneDelegate.swift */ = {isa = PBXFileReference; lastKnownFileType = sourcecode.swift; path = SceneDelegate.swift; sourceTree = "<group>"; };
		0D0D41D523E31D4B0077D6E1 /* Base */ = {isa = PBXFileReference; lastKnownFileType = file.storyboard; name = Base; path = Base.lproj/Main.storyboard; sourceTree = "<group>"; };
		0D0D41D723E31D560077D6E1 /* Assets.xcassets */ = {isa = PBXFileReference; lastKnownFileType = folder.assetcatalog; path = Assets.xcassets; sourceTree = "<group>"; };
		0D0D41DA23E31D560077D6E1 /* Base */ = {isa = PBXFileReference; lastKnownFileType = file.storyboard; name = Base; path = Base.lproj/LaunchScreen.storyboard; sourceTree = "<group>"; };
		0D0D41DC23E31D560077D6E1 /* Info.plist */ = {isa = PBXFileReference; lastKnownFileType = text.plist.xml; path = Info.plist; sourceTree = "<group>"; };
		0D0D41E123E31D570077D6E1 /* LeBaluchonTests.xctest */ = {isa = PBXFileReference; explicitFileType = wrapper.cfbundle; includeInIndex = 0; path = LeBaluchonTests.xctest; sourceTree = BUILT_PRODUCTS_DIR; };
		0D0D41E723E31D570077D6E1 /* Info.plist */ = {isa = PBXFileReference; lastKnownFileType = text.plist.xml; path = Info.plist; sourceTree = "<group>"; };
		0D0D41F723E34AC10077D6E1 /* SalientButton.swift */ = {isa = PBXFileReference; lastKnownFileType = sourcecode.swift; path = SalientButton.swift; sourceTree = "<group>"; };
		0D0D41F923E34BED0077D6E1 /* ChangeViewController.swift */ = {isa = PBXFileReference; lastKnownFileType = sourcecode.swift; path = ChangeViewController.swift; sourceTree = "<group>"; };
		0D0D41FB23E35CD60077D6E1 /* UIButton.swift */ = {isa = PBXFileReference; lastKnownFileType = sourcecode.swift; path = UIButton.swift; sourceTree = "<group>"; };
		0D0D420123E57E530077D6E1 /* TranslationViewController.swift */ = {isa = PBXFileReference; lastKnownFileType = sourcecode.swift; path = TranslationViewController.swift; sourceTree = "<group>"; };
		0D0D420F23E98F440077D6E1 /* ChangeService.swift */ = {isa = PBXFileReference; lastKnownFileType = sourcecode.swift; path = ChangeService.swift; sourceTree = "<group>"; };
		0D0D421123E991CF0077D6E1 /* ChangeDelegate.swift */ = {isa = PBXFileReference; lastKnownFileType = sourcecode.swift; path = ChangeDelegate.swift; sourceTree = "<group>"; };
		0D46214623FBDA4300F170F6 /* UIViewController.swift */ = {isa = PBXFileReference; lastKnownFileType = sourcecode.swift; path = UIViewController.swift; sourceTree = "<group>"; };
		0D46214923FBDA9100F170F6 /* Notification.Name.swift */ = {isa = PBXFileReference; lastKnownFileType = sourcecode.swift; path = Notification.Name.swift; sourceTree = "<group>"; };
		0D46214B23FBDBC200F170F6 /* Notification.swift */ = {isa = PBXFileReference; lastKnownFileType = sourcecode.swift; path = Notification.swift; sourceTree = "<group>"; };
		0D46217623FC501900F170F6 /* UIView.swift */ = {isa = PBXFileReference; lastKnownFileType = sourcecode.swift; path = UIView.swift; sourceTree = "<group>"; };
		0D46217823FC505200F170F6 /* Alert.storyboard */ = {isa = PBXFileReference; lastKnownFileType = file.storyboard; path = Alert.storyboard; sourceTree = "<group>"; };
		0D46217A23FC532000F170F6 /* AlertService.swift */ = {isa = PBXFileReference; lastKnownFileType = sourcecode.swift; path = AlertService.swift; sourceTree = "<group>"; };
		0D46217C23FC537900F170F6 /* AlertViewController.swift */ = {isa = PBXFileReference; lastKnownFileType = sourcecode.swift; path = AlertViewController.swift; sourceTree = "<group>"; };
		0D4999C723ECBE8000F33A93 /* TranslateDecodable.swift */ = {isa = PBXFileReference; lastKnownFileType = sourcecode.swift; path = TranslateDecodable.swift; sourceTree = "<group>"; };
		0D4999C923ECBF4900F33A93 /* LanguageStorage.swift */ = {isa = PBXFileReference; lastKnownFileType = sourcecode.swift; path = LanguageStorage.swift; sourceTree = "<group>"; };
		0D4999CB23ECBFB600F33A93 /* LanguageService.swift */ = {isa = PBXFileReference; lastKnownFileType = sourcecode.swift; path = LanguageService.swift; sourceTree = "<group>"; };
		0D5CA79323F4485B005C1B84 /* SegueIdentifier.swift */ = {isa = PBXFileReference; lastKnownFileType = sourcecode.swift; path = SegueIdentifier.swift; sourceTree = "<group>"; };
		0D5F45A023FB273800F8223A /* HeaderCell.swift */ = {isa = PBXFileReference; lastKnownFileType = sourcecode.swift; path = HeaderCell.swift; sourceTree = "<group>"; };
		0D5F800E23F7EA65002FCEB1 /* UserPreferencesViewController.swift */ = {isa = PBXFileReference; lastKnownFileType = sourcecode.swift; path = UserPreferencesViewController.swift; sourceTree = "<group>"; };
		0D5F801123F8090B002FCEB1 /* UserPreferences.swift */ = {isa = PBXFileReference; lastKnownFileType = sourcecode.swift; path = UserPreferences.swift; sourceTree = "<group>"; };
		0D608EAD23EF3691008E68C9 /* ApiKeys.swift */ = {isa = PBXFileReference; lastKnownFileType = sourcecode.swift; path = ApiKeys.swift; sourceTree = "<group>"; };
		0D608EAF23EF37DD008E68C9 /* ApiService.swift */ = {isa = PBXFileReference; lastKnownFileType = sourcecode.swift; path = ApiService.swift; sourceTree = "<group>"; };
		0D608EB223EF4C79008E68C9 /* WeatherViewController.swift */ = {isa = PBXFileReference; lastKnownFileType = sourcecode.swift; path = WeatherViewController.swift; sourceTree = "<group>"; };
		0D608EB923F09740008E68C9 /* WeatherDecodable.swift */ = {isa = PBXFileReference; lastKnownFileType = sourcecode.swift; path = WeatherDecodable.swift; sourceTree = "<group>"; };
		0D611D6C24055D930026D220 /* ApiServiceTest.swift */ = {isa = PBXFileReference; lastKnownFileType = sourcecode.swift; path = ApiServiceTest.swift; sourceTree = "<group>"; };
		0D611D71240565E90026D220 /* GoogleTranslate.json */ = {isa = PBXFileReference; lastKnownFileType = text.json; path = GoogleTranslate.json; sourceTree = "<group>"; };
		0D611D7324056F700026D220 /* GoogleLanguages.json */ = {isa = PBXFileReference; lastKnownFileType = text.json; path = GoogleLanguages.json; sourceTree = "<group>"; };
		0D611D772405705F0026D220 /* FixerList.json */ = {isa = PBXFileReference; lastKnownFileType = text.json; path = FixerList.json; sourceTree = "<group>"; };
		0D611D79240577E90026D220 /* WeatherForecastUrl.json */ = {isa = PBXFileReference; lastKnownFileType = text.json; path = WeatherForecastUrl.json; sourceTree = "<group>"; };
		0D611D7B240581D90026D220 /* WeatherMultipleId.json */ = {isa = PBXFileReference; lastKnownFileType = text.json; path = WeatherMultipleId.json; sourceTree = "<group>"; };
		0D611D7D24058F650026D220 /* GeodbApi.json */ = {isa = PBXFileReference; lastKnownFileType = text.json; path = GeodbApi.json; sourceTree = "<group>"; };
		0D611D7F2405985D0026D220 /* WeatherSingleIdUrl.json */ = {isa = PBXFileReference; lastKnownFileType = text.json; path = WeatherSingleIdUrl.json; sourceTree = "<group>"; };
		0D6128E723F578B100E2C5D4 /* CurrencyStorage.swift */ = {isa = PBXFileReference; lastKnownFileType = sourcecode.swift; path = CurrencyStorage.swift; sourceTree = "<group>"; };
		0D6128E923F578F700E2C5D4 /* CurrencyDecodable.swift */ = {isa = PBXFileReference; lastKnownFileType = sourcecode.swift; path = CurrencyDecodable.swift; sourceTree = "<group>"; };
		0D615AEC24044BD300A87B01 /* FixerExchange.json */ = {isa = PBXFileReference; lastKnownFileType = text.json; path = FixerExchange.json; sourceTree = "<group>"; };
		0D615AF024044C4D00A87B01 /* FakeResponseData.swift */ = {isa = PBXFileReference; lastKnownFileType = sourcecode.swift; path = FakeResponseData.swift; sourceTree = "<group>"; };
		0D615AF224044CC800A87B01 /* UrlSessionFake.swift */ = {isa = PBXFileReference; lastKnownFileType = sourcecode.swift; path = UrlSessionFake.swift; sourceTree = "<group>"; };
		0D622EC123FEA10900CDF24C /* CollectionViewCustomCell.swift */ = {isa = PBXFileReference; lastKnownFileType = sourcecode.swift; path = CollectionViewCustomCell.swift; sourceTree = "<group>"; };
		0D6766FF240947DB008DA301 /* LanguageServiceTests.swift */ = {isa = PBXFileReference; lastKnownFileType = sourcecode.swift; path = LanguageServiceTests.swift; sourceTree = "<group>"; };
		0D67670124094CB8008DA301 /* LanguageStorageTest.swift */ = {isa = PBXFileReference; lastKnownFileType = sourcecode.swift; path = LanguageStorageTest.swift; sourceTree = "<group>"; };
		0D676704240A78E5008DA301 /* APIKeys.plist */ = {isa = PBXFileReference; lastKnownFileType = text.plist.xml; path = APIKeys.plist; sourceTree = "<group>"; };
		0D676706240A7B8A008DA301 /* ApiKeysAccess.swift */ = {isa = PBXFileReference; lastKnownFileType = sourcecode.swift; path = ApiKeysAccess.swift; sourceTree = "<group>"; };
		0D676708240ADA05008DA301 /* WeatherServiceTests.swift */ = {isa = PBXFileReference; lastKnownFileType = sourcecode.swift; path = WeatherServiceTests.swift; sourceTree = "<group>"; };
		0D94158923FDB57400BA83A8 /* WeatherDetailViewController.swift */ = {isa = PBXFileReference; lastKnownFileType = sourcecode.swift; path = WeatherDetailViewController.swift; sourceTree = "<group>"; };
		0D9E961423F2C555004EC21E /* WeatherService.swift */ = {isa = PBXFileReference; lastKnownFileType = sourcecode.swift; path = WeatherService.swift; sourceTree = "<group>"; };
		0D9E961623F32104004EC21E /* ContentCell.swift */ = {isa = PBXFileReference; lastKnownFileType = sourcecode.swift; path = ContentCell.swift; sourceTree = "<group>"; };
		0D9E961823F3224E004EC21E /* TableViewController.swift */ = {isa = PBXFileReference; lastKnownFileType = sourcecode.swift; path = TableViewController.swift; sourceTree = "<group>"; };
		0DAF467924008CED0002BF1B /* SearchCityViewController.swift */ = {isa = PBXFileReference; lastKnownFileType = sourcecode.swift; path = SearchCityViewController.swift; sourceTree = "<group>"; };
		0DAF467B240095FF0002BF1B /* CitiesList.swift */ = {isa = PBXFileReference; lastKnownFileType = sourcecode.swift; path = CitiesList.swift; sourceTree = "<group>"; };
		0DFA2E822408695400B4D515 /* ChangeServiceTests.swift */ = {isa = PBXFileReference; lastKnownFileType = sourcecode.swift; path = ChangeServiceTests.swift; sourceTree = "<group>"; };
		0DFA2E8424086A3C00B4D515 /* CurrencyTest.swift */ = {isa = PBXFileReference; lastKnownFileType = sourcecode.swift; path = CurrencyTest.swift; sourceTree = "<group>"; };
/* End PBXFileReference section */

/* Begin PBXFrameworksBuildPhase section */
		0D0D41C823E31D4B0077D6E1 /* Frameworks */ = {
			isa = PBXFrameworksBuildPhase;
			buildActionMask = 2147483647;
			files = (
			);
			runOnlyForDeploymentPostprocessing = 0;
		};
		0D0D41DE23E31D570077D6E1 /* Frameworks */ = {
			isa = PBXFrameworksBuildPhase;
			buildActionMask = 2147483647;
			files = (
			);
			runOnlyForDeploymentPostprocessing = 0;
		};
/* End PBXFrameworksBuildPhase section */

/* Begin PBXGroup section */
		0D0D41C223E31D4B0077D6E1 = {
			isa = PBXGroup;
			children = (
				0D0D41CD23E31D4B0077D6E1 /* LeBaluchon */,
				0D0D41E423E31D570077D6E1 /* LeBaluchonTests */,
				0D0D41CC23E31D4B0077D6E1 /* Products */,
			);
			sourceTree = "<group>";
		};
		0D0D41CC23E31D4B0077D6E1 /* Products */ = {
			isa = PBXGroup;
			children = (
				0D0D41CB23E31D4B0077D6E1 /* LeBaluchon.app */,
				0D0D41E123E31D570077D6E1 /* LeBaluchonTests.xctest */,
			);
			name = Products;
			sourceTree = "<group>";
		};
		0D0D41CD23E31D4B0077D6E1 /* LeBaluchon */ = {
			isa = PBXGroup;
			children = (
				0D0D41F323E31E450077D6E1 /* Model */,
				0D5CA79323F4485B005C1B84 /* SegueIdentifier.swift */,
				0D0D41F223E31E280077D6E1 /* View */,
				0D0D41F123E31DF70077D6E1 /* Controller */,
				0D0D41F023E31D8D0077D6E1 /* Supporting Files */,
				0D0D41DC23E31D560077D6E1 /* Info.plist */,
			);
			path = LeBaluchon;
			sourceTree = "<group>";
		};
		0D0D41E423E31D570077D6E1 /* LeBaluchonTests */ = {
			isa = PBXGroup;
			children = (
				0D6766FE24094643008DA301 /* ApiTests */,
				0D6766FD2409462D008DA301 /* TranslationTests */,
				0D6766FC240944F1008DA301 /* ChangeTests */,
				0D67670324095527008DA301 /* WeatherTests */,
				0D0D41E723E31D570077D6E1 /* Info.plist */,
			);
			path = LeBaluchonTests;
			sourceTree = "<group>";
		};
		0D0D41F023E31D8D0077D6E1 /* Supporting Files */ = {
			isa = PBXGroup;
			children = (
				0D0D41CE23E31D4B0077D6E1 /* AppDelegate.swift */,
				0D0D41D023E31D4B0077D6E1 /* SceneDelegate.swift */,
				0D0D41D723E31D560077D6E1 /* Assets.xcassets */,
				0D676704240A78E5008DA301 /* APIKeys.plist */,
			);
			path = "Supporting Files";
			sourceTree = "<group>";
		};
		0D0D41F123E31DF70077D6E1 /* Controller */ = {
			isa = PBXGroup;
			children = (
				0D0D420123E57E530077D6E1 /* TranslationViewController.swift */,
				0D0D41F923E34BED0077D6E1 /* ChangeViewController.swift */,
				0D608EB223EF4C79008E68C9 /* WeatherViewController.swift */,
				0D94158923FDB57400BA83A8 /* WeatherDetailViewController.swift */,
				0DAF467924008CED0002BF1B /* SearchCityViewController.swift */,
				0D5F800E23F7EA65002FCEB1 /* UserPreferencesViewController.swift */,
				0D9E961823F3224E004EC21E /* TableViewController.swift */,
				0D94158023FD59A400BA83A8 /* CustomAlert */,
				0D46214523FBDA0D00F170F6 /* Extension */,
			);
			path = Controller;
			sourceTree = "<group>";
		};
		0D0D41F223E31E280077D6E1 /* View */ = {
			isa = PBXGroup;
			children = (
				0D0D41D423E31D4B0077D6E1 /* Main.storyboard */,
				0D46217823FC505200F170F6 /* Alert.storyboard */,
				0D0D41D923E31D560077D6E1 /* LaunchScreen.storyboard */,
				0D94157F23FD595D00BA83A8 /* TableViewCustomCells */,
				0D0D41F623E327890077D6E1 /* Extension */,
			);
			path = View;
			sourceTree = "<group>";
		};
		0D0D41F323E31E450077D6E1 /* Model */ = {
			isa = PBXGroup;
			children = (
				0D608EAC23EF3671008E68C9 /* API */,
				0D4999C623ECBE5700F33A93 /* Translation */,
				0D0D420623E779A50077D6E1 /* Currency */,
				0D608EB423F08CBD008E68C9 /* Weather */,
				0D5F801023F80879002FCEB1 /* UserPreferences */,
				0D46217E23FC55A900F170F6 /* Alert */,
				0D46214823FBDA7200F170F6 /* Extension */,
			);
			path = Model;
			sourceTree = "<group>";
		};
		0D0D41F623E327890077D6E1 /* Extension */ = {
			isa = PBXGroup;
			children = (
				0D0D41F723E34AC10077D6E1 /* SalientButton.swift */,
				0D0D41FB23E35CD60077D6E1 /* UIButton.swift */,
				0D46217623FC501900F170F6 /* UIView.swift */,
			);
			path = Extension;
			sourceTree = "<group>";
		};
		0D0D420623E779A50077D6E1 /* Currency */ = {
			isa = PBXGroup;
			children = (
				0D0D421123E991CF0077D6E1 /* ChangeDelegate.swift */,
				0D0D420F23E98F440077D6E1 /* ChangeService.swift */,
				0D6128E723F578B100E2C5D4 /* CurrencyStorage.swift */,
				0D6128E923F578F700E2C5D4 /* CurrencyDecodable.swift */,
			);
			path = Currency;
			sourceTree = "<group>";
		};
		0D46214523FBDA0D00F170F6 /* Extension */ = {
			isa = PBXGroup;
			children = (
				0D46214623FBDA4300F170F6 /* UIViewController.swift */,
			);
			path = Extension;
			sourceTree = "<group>";
		};
		0D46214823FBDA7200F170F6 /* Extension */ = {
			isa = PBXGroup;
			children = (
				0D46214923FBDA9100F170F6 /* Notification.Name.swift */,
				0D46214B23FBDBC200F170F6 /* Notification.swift */,
			);
			path = Extension;
			sourceTree = "<group>";
		};
		0D46217E23FC55A900F170F6 /* Alert */ = {
			isa = PBXGroup;
			children = (
				0D46217A23FC532000F170F6 /* AlertService.swift */,
			);
			path = Alert;
			sourceTree = "<group>";
		};
		0D4999C623ECBE5700F33A93 /* Translation */ = {
			isa = PBXGroup;
			children = (
				0D4999CB23ECBFB600F33A93 /* LanguageService.swift */,
				0D4999C923ECBF4900F33A93 /* LanguageStorage.swift */,
				0D4999C723ECBE8000F33A93 /* TranslateDecodable.swift */,
			);
			path = Translation;
			sourceTree = "<group>";
		};
		0D5F801023F80879002FCEB1 /* UserPreferences */ = {
			isa = PBXGroup;
			children = (
				0D5F801123F8090B002FCEB1 /* UserPreferences.swift */,
			);
			path = UserPreferences;
			sourceTree = "<group>";
		};
		0D608EAC23EF3671008E68C9 /* API */ = {
			isa = PBXGroup;
			children = (
				0D608EAF23EF37DD008E68C9 /* ApiService.swift */,
				0D608EAD23EF3691008E68C9 /* ApiKeys.swift */,
				0D676706240A7B8A008DA301 /* ApiKeysAccess.swift */,
			);
			path = API;
			sourceTree = "<group>";
		};
		0D608EB423F08CBD008E68C9 /* Weather */ = {
			isa = PBXGroup;
			children = (
				0D9E961423F2C555004EC21E /* WeatherService.swift */,
				0D608EB923F09740008E68C9 /* WeatherDecodable.swift */,
				0DAF467B240095FF0002BF1B /* CitiesList.swift */,
			);
			path = Weather;
			sourceTree = "<group>";
		};
		0D611D6E240564D30026D220 /* Fake Response Json */ = {
			isa = PBXGroup;
			children = (
				0D611D71240565E90026D220 /* GoogleTranslate.json */,
				0D611D7324056F700026D220 /* GoogleLanguages.json */,
				0D615AEC24044BD300A87B01 /* FixerExchange.json */,
				0D611D772405705F0026D220 /* FixerList.json */,
				0D611D7F2405985D0026D220 /* WeatherSingleIdUrl.json */,
				0D611D7B240581D90026D220 /* WeatherMultipleId.json */,
				0D611D79240577E90026D220 /* WeatherForecastUrl.json */,
				0D611D7D24058F650026D220 /* GeodbApi.json */,
			);
			path = "Fake Response Json";
			sourceTree = "<group>";
		};
		0D6766FC240944F1008DA301 /* ChangeTests */ = {
			isa = PBXGroup;
			children = (
				0DFA2E822408695400B4D515 /* ChangeServiceTests.swift */,
				0DFA2E8424086A3C00B4D515 /* CurrencyTest.swift */,
			);
			path = ChangeTests;
			sourceTree = "<group>";
		};
		0D6766FD2409462D008DA301 /* TranslationTests */ = {
			isa = PBXGroup;
			children = (
				0D6766FF240947DB008DA301 /* LanguageServiceTests.swift */,
				0D67670124094CB8008DA301 /* LanguageStorageTest.swift */,
			);
			path = TranslationTests;
			sourceTree = "<group>";
		};
		0D6766FE24094643008DA301 /* ApiTests */ = {
			isa = PBXGroup;
			children = (
				0D611D6C24055D930026D220 /* ApiServiceTest.swift */,
				0D615AF224044CC800A87B01 /* UrlSessionFake.swift */,
				0D615AF024044C4D00A87B01 /* FakeResponseData.swift */,
				0D611D6E240564D30026D220 /* Fake Response Json */,
			);
			path = ApiTests;
			sourceTree = "<group>";
		};
		0D67670324095527008DA301 /* WeatherTests */ = {
			isa = PBXGroup;
			children = (
				0D676708240ADA05008DA301 /* WeatherServiceTests.swift */,
			);
			path = WeatherTests;
			sourceTree = "<group>";
		};
		0D94157F23FD595D00BA83A8 /* TableViewCustomCells */ = {
			isa = PBXGroup;
			children = (
				0D5F45A023FB273800F8223A /* HeaderCell.swift */,
				0D9E961623F32104004EC21E /* ContentCell.swift */,
				0D622EC123FEA10900CDF24C /* CollectionViewCustomCell.swift */,
			);
			path = TableViewCustomCells;
			sourceTree = "<group>";
		};
		0D94158023FD59A400BA83A8 /* CustomAlert */ = {
			isa = PBXGroup;
			children = (
				0D46217C23FC537900F170F6 /* AlertViewController.swift */,
			);
			path = CustomAlert;
			sourceTree = "<group>";
		};
/* End PBXGroup section */

/* Begin PBXNativeTarget section */
		0D0D41CA23E31D4B0077D6E1 /* LeBaluchon */ = {
			isa = PBXNativeTarget;
			buildConfigurationList = 0D0D41EA23E31D570077D6E1 /* Build configuration list for PBXNativeTarget "LeBaluchon" */;
			buildPhases = (
				0D0D41C723E31D4B0077D6E1 /* Sources */,
				0D0D41C823E31D4B0077D6E1 /* Frameworks */,
				0D0D41C923E31D4B0077D6E1 /* Resources */,
			);
			buildRules = (
			);
			dependencies = (
			);
			name = LeBaluchon;
			productName = LeBaluchon;
			productReference = 0D0D41CB23E31D4B0077D6E1 /* LeBaluchon.app */;
			productType = "com.apple.product-type.application";
		};
		0D0D41E023E31D570077D6E1 /* LeBaluchonTests */ = {
			isa = PBXNativeTarget;
			buildConfigurationList = 0D0D41ED23E31D570077D6E1 /* Build configuration list for PBXNativeTarget "LeBaluchonTests" */;
			buildPhases = (
				0D0D41DD23E31D570077D6E1 /* Sources */,
				0D0D41DE23E31D570077D6E1 /* Frameworks */,
				0D0D41DF23E31D570077D6E1 /* Resources */,
			);
			buildRules = (
			);
			dependencies = (
				0D0D41E323E31D570077D6E1 /* PBXTargetDependency */,
			);
			name = LeBaluchonTests;
			productName = LeBaluchonTests;
			productReference = 0D0D41E123E31D570077D6E1 /* LeBaluchonTests.xctest */;
			productType = "com.apple.product-type.bundle.unit-test";
		};
/* End PBXNativeTarget section */

/* Begin PBXProject section */
		0D0D41C323E31D4B0077D6E1 /* Project object */ = {
			isa = PBXProject;
			attributes = {
				LastSwiftUpdateCheck = 1130;
				LastUpgradeCheck = 1230;
				ORGANIZATIONNAME = Elie;
				TargetAttributes = {
					0D0D41CA23E31D4B0077D6E1 = {
						CreatedOnToolsVersion = 11.3.1;
					};
					0D0D41E023E31D570077D6E1 = {
						CreatedOnToolsVersion = 11.3.1;
						LastSwiftMigration = 1130;
						TestTargetID = 0D0D41CA23E31D4B0077D6E1;
					};
				};
			};
			buildConfigurationList = 0D0D41C623E31D4B0077D6E1 /* Build configuration list for PBXProject "LeBaluchon" */;
			compatibilityVersion = "Xcode 9.3";
			developmentRegion = en;
			hasScannedForEncodings = 0;
			knownRegions = (
				en,
				Base,
			);
			mainGroup = 0D0D41C223E31D4B0077D6E1;
			productRefGroup = 0D0D41CC23E31D4B0077D6E1 /* Products */;
			projectDirPath = "";
			projectRoot = "";
			targets = (
				0D0D41CA23E31D4B0077D6E1 /* LeBaluchon */,
				0D0D41E023E31D570077D6E1 /* LeBaluchonTests */,
			);
		};
/* End PBXProject section */

/* Begin PBXResourcesBuildPhase section */
		0D0D41C923E31D4B0077D6E1 /* Resources */ = {
			isa = PBXResourcesBuildPhase;
			buildActionMask = 2147483647;
			files = (
				0D0D41DB23E31D560077D6E1 /* LaunchScreen.storyboard in Resources */,
				0D676705240A78E5008DA301 /* APIKeys.plist in Resources */,
				0D0D41D823E31D560077D6E1 /* Assets.xcassets in Resources */,
				0D0D41D623E31D4B0077D6E1 /* Main.storyboard in Resources */,
				0D46217923FC505200F170F6 /* Alert.storyboard in Resources */,
			);
			runOnlyForDeploymentPostprocessing = 0;
		};
		0D0D41DF23E31D570077D6E1 /* Resources */ = {
			isa = PBXResourcesBuildPhase;
			buildActionMask = 2147483647;
			files = (
				0D611D782405705F0026D220 /* FixerList.json in Resources */,
				0D611D802405985D0026D220 /* WeatherSingleIdUrl.json in Resources */,
				0D611D7E24058F650026D220 /* GeodbApi.json in Resources */,
				0D611D7A240577E90026D220 /* WeatherForecastUrl.json in Resources */,
				0D615AED24044BD300A87B01 /* FixerExchange.json in Resources */,
				0D611D7C240581D90026D220 /* WeatherMultipleId.json in Resources */,
				0D611D72240565E90026D220 /* GoogleTranslate.json in Resources */,
				0D611D7424056F700026D220 /* GoogleLanguages.json in Resources */,
			);
			runOnlyForDeploymentPostprocessing = 0;
		};
/* End PBXResourcesBuildPhase section */

/* Begin PBXSourcesBuildPhase section */
		0D0D41C723E31D4B0077D6E1 /* Sources */ = {
			isa = PBXSourcesBuildPhase;
			buildActionMask = 2147483647;
			files = (
				0D5F800F23F7EA65002FCEB1 /* UserPreferencesViewController.swift in Sources */,
				0D0D41FC23E35CD60077D6E1 /* UIButton.swift in Sources */,
				0D608EBA23F09740008E68C9 /* WeatherDecodable.swift in Sources */,
				0D5F45A123FB273800F8223A /* HeaderCell.swift in Sources */,
				0D46214723FBDA4300F170F6 /* UIViewController.swift in Sources */,
				0D0D421023E98F440077D6E1 /* ChangeService.swift in Sources */,
				0D46214A23FBDA9100F170F6 /* Notification.Name.swift in Sources */,
				0D9E961923F3224E004EC21E /* TableViewController.swift in Sources */,
				0D0D41CF23E31D4B0077D6E1 /* AppDelegate.swift in Sources */,
				0D4999CC23ECBFB600F33A93 /* LanguageService.swift in Sources */,
				0D94158A23FDB57400BA83A8 /* WeatherDetailViewController.swift in Sources */,
				0D9E961523F2C555004EC21E /* WeatherService.swift in Sources */,
				0D0D421223E991CF0077D6E1 /* ChangeDelegate.swift in Sources */,
				0D6128EA23F578F700E2C5D4 /* CurrencyDecodable.swift in Sources */,
				0D46217D23FC537900F170F6 /* AlertViewController.swift in Sources */,
				0D608EB323EF4C79008E68C9 /* WeatherViewController.swift in Sources */,
				0DAF467C240095FF0002BF1B /* CitiesList.swift in Sources */,
				0D676707240A7B8A008DA301 /* ApiKeysAccess.swift in Sources */,
				0D0D420223E57E540077D6E1 /* TranslationViewController.swift in Sources */,
				0D5CA79423F4485B005C1B84 /* SegueIdentifier.swift in Sources */,
				0D9E961723F32104004EC21E /* ContentCell.swift in Sources */,
				0D46217B23FC532000F170F6 /* AlertService.swift in Sources */,
				0D608EB023EF37DD008E68C9 /* ApiService.swift in Sources */,
				0D622EC223FEA10900CDF24C /* CollectionViewCustomCell.swift in Sources */,
				0D0D41F823E34AC10077D6E1 /* SalientButton.swift in Sources */,
				0D0D41FA23E34BED0077D6E1 /* ChangeViewController.swift in Sources */,
				0DAF467A24008CED0002BF1B /* SearchCityViewController.swift in Sources */,
				0D46214C23FBDBC200F170F6 /* Notification.swift in Sources */,
				0D5F801223F8090B002FCEB1 /* UserPreferences.swift in Sources */,
				0D4999CA23ECBF4900F33A93 /* LanguageStorage.swift in Sources */,
				0D0D41D123E31D4B0077D6E1 /* SceneDelegate.swift in Sources */,
				0D46217723FC501900F170F6 /* UIView.swift in Sources */,
				0D4999C823ECBE8000F33A93 /* TranslateDecodable.swift in Sources */,
				0D6128E823F578B100E2C5D4 /* CurrencyStorage.swift in Sources */,
				0D608EAE23EF3691008E68C9 /* ApiKeys.swift in Sources */,
			);
			runOnlyForDeploymentPostprocessing = 0;
		};
		0D0D41DD23E31D570077D6E1 /* Sources */ = {
			isa = PBXSourcesBuildPhase;
			buildActionMask = 2147483647;
			files = (
				0D676709240ADA05008DA301 /* WeatherServiceTests.swift in Sources */,
				0D615AF124044C4D00A87B01 /* FakeResponseData.swift in Sources */,
				0DFA2E832408695400B4D515 /* ChangeServiceTests.swift in Sources */,
				0D611D6D24055D930026D220 /* ApiServiceTest.swift in Sources */,
				0D676700240947DB008DA301 /* LanguageServiceTests.swift in Sources */,
				0DFA2E8524086A3D00B4D515 /* CurrencyTest.swift in Sources */,
				0D615AF324044CC800A87B01 /* UrlSessionFake.swift in Sources */,
				0D67670224094CB8008DA301 /* LanguageStorageTest.swift in Sources */,
			);
			runOnlyForDeploymentPostprocessing = 0;
		};
/* End PBXSourcesBuildPhase section */

/* Begin PBXTargetDependency section */
		0D0D41E323E31D570077D6E1 /* PBXTargetDependency */ = {
			isa = PBXTargetDependency;
			target = 0D0D41CA23E31D4B0077D6E1 /* LeBaluchon */;
			targetProxy = 0D0D41E223E31D570077D6E1 /* PBXContainerItemProxy */;
		};
/* End PBXTargetDependency section */

/* Begin PBXVariantGroup section */
		0D0D41D423E31D4B0077D6E1 /* Main.storyboard */ = {
			isa = PBXVariantGroup;
			children = (
				0D0D41D523E31D4B0077D6E1 /* Base */,
			);
			name = Main.storyboard;
			sourceTree = "<group>";
		};
		0D0D41D923E31D560077D6E1 /* LaunchScreen.storyboard */ = {
			isa = PBXVariantGroup;
			children = (
				0D0D41DA23E31D560077D6E1 /* Base */,
			);
			name = LaunchScreen.storyboard;
			sourceTree = "<group>";
		};
/* End PBXVariantGroup section */

/* Begin XCBuildConfiguration section */
		0D0D41E823E31D570077D6E1 /* Debug */ = {
			isa = XCBuildConfiguration;
			buildSettings = {
				ALWAYS_SEARCH_USER_PATHS = NO;
				CLANG_ANALYZER_NONNULL = YES;
				CLANG_ANALYZER_NUMBER_OBJECT_CONVERSION = YES_AGGRESSIVE;
				CLANG_CXX_LANGUAGE_STANDARD = "gnu++14";
				CLANG_CXX_LIBRARY = "libc++";
				CLANG_ENABLE_MODULES = YES;
				CLANG_ENABLE_OBJC_ARC = YES;
				CLANG_ENABLE_OBJC_WEAK = YES;
				CLANG_WARN_BLOCK_CAPTURE_AUTORELEASING = YES;
				CLANG_WARN_BOOL_CONVERSION = YES;
				CLANG_WARN_COMMA = YES;
				CLANG_WARN_CONSTANT_CONVERSION = YES;
				CLANG_WARN_DEPRECATED_OBJC_IMPLEMENTATIONS = YES;
				CLANG_WARN_DIRECT_OBJC_ISA_USAGE = YES_ERROR;
				CLANG_WARN_DOCUMENTATION_COMMENTS = YES;
				CLANG_WARN_EMPTY_BODY = YES;
				CLANG_WARN_ENUM_CONVERSION = YES;
				CLANG_WARN_INFINITE_RECURSION = YES;
				CLANG_WARN_INT_CONVERSION = YES;
				CLANG_WARN_NON_LITERAL_NULL_CONVERSION = YES;
				CLANG_WARN_OBJC_IMPLICIT_RETAIN_SELF = YES;
				CLANG_WARN_OBJC_LITERAL_CONVERSION = YES;
				CLANG_WARN_OBJC_ROOT_CLASS = YES_ERROR;
				CLANG_WARN_QUOTED_INCLUDE_IN_FRAMEWORK_HEADER = YES;
				CLANG_WARN_RANGE_LOOP_ANALYSIS = YES;
				CLANG_WARN_STRICT_PROTOTYPES = YES;
				CLANG_WARN_SUSPICIOUS_MOVE = YES;
				CLANG_WARN_UNGUARDED_AVAILABILITY = YES_AGGRESSIVE;
				CLANG_WARN_UNREACHABLE_CODE = YES;
				CLANG_WARN__DUPLICATE_METHOD_MATCH = YES;
				COPY_PHASE_STRIP = NO;
				DEBUG_INFORMATION_FORMAT = dwarf;
				ENABLE_STRICT_OBJC_MSGSEND = YES;
				ENABLE_TESTABILITY = YES;
				GCC_C_LANGUAGE_STANDARD = gnu11;
				GCC_DYNAMIC_NO_PIC = NO;
				GCC_NO_COMMON_BLOCKS = YES;
				GCC_OPTIMIZATION_LEVEL = 0;
				GCC_PREPROCESSOR_DEFINITIONS = (
					"DEBUG=1",
					"$(inherited)",
				);
				GCC_WARN_64_TO_32_BIT_CONVERSION = YES;
				GCC_WARN_ABOUT_RETURN_TYPE = YES_ERROR;
				GCC_WARN_UNDECLARED_SELECTOR = YES;
				GCC_WARN_UNINITIALIZED_AUTOS = YES_AGGRESSIVE;
				GCC_WARN_UNUSED_FUNCTION = YES;
				GCC_WARN_UNUSED_VARIABLE = YES;
				IPHONEOS_DEPLOYMENT_TARGET = 11.0;
				MTL_ENABLE_DEBUG_INFO = INCLUDE_SOURCE;
				MTL_FAST_MATH = YES;
				ONLY_ACTIVE_ARCH = YES;
				SDKROOT = iphoneos;
				SWIFT_ACTIVE_COMPILATION_CONDITIONS = DEBUG;
				SWIFT_OPTIMIZATION_LEVEL = "-Onone";
			};
			name = Debug;
		};
		0D0D41E923E31D570077D6E1 /* Release */ = {
			isa = XCBuildConfiguration;
			buildSettings = {
				ALWAYS_SEARCH_USER_PATHS = NO;
				CLANG_ANALYZER_NONNULL = YES;
				CLANG_ANALYZER_NUMBER_OBJECT_CONVERSION = YES_AGGRESSIVE;
				CLANG_CXX_LANGUAGE_STANDARD = "gnu++14";
				CLANG_CXX_LIBRARY = "libc++";
				CLANG_ENABLE_MODULES = YES;
				CLANG_ENABLE_OBJC_ARC = YES;
				CLANG_ENABLE_OBJC_WEAK = YES;
				CLANG_WARN_BLOCK_CAPTURE_AUTORELEASING = YES;
				CLANG_WARN_BOOL_CONVERSION = YES;
				CLANG_WARN_COMMA = YES;
				CLANG_WARN_CONSTANT_CONVERSION = YES;
				CLANG_WARN_DEPRECATED_OBJC_IMPLEMENTATIONS = YES;
				CLANG_WARN_DIRECT_OBJC_ISA_USAGE = YES_ERROR;
				CLANG_WARN_DOCUMENTATION_COMMENTS = YES;
				CLANG_WARN_EMPTY_BODY = YES;
				CLANG_WARN_ENUM_CONVERSION = YES;
				CLANG_WARN_INFINITE_RECURSION = YES;
				CLANG_WARN_INT_CONVERSION = YES;
				CLANG_WARN_NON_LITERAL_NULL_CONVERSION = YES;
				CLANG_WARN_OBJC_IMPLICIT_RETAIN_SELF = YES;
				CLANG_WARN_OBJC_LITERAL_CONVERSION = YES;
				CLANG_WARN_OBJC_ROOT_CLASS = YES_ERROR;
				CLANG_WARN_QUOTED_INCLUDE_IN_FRAMEWORK_HEADER = YES;
				CLANG_WARN_RANGE_LOOP_ANALYSIS = YES;
				CLANG_WARN_STRICT_PROTOTYPES = YES;
				CLANG_WARN_SUSPICIOUS_MOVE = YES;
				CLANG_WARN_UNGUARDED_AVAILABILITY = YES_AGGRESSIVE;
				CLANG_WARN_UNREACHABLE_CODE = YES;
				CLANG_WARN__DUPLICATE_METHOD_MATCH = YES;
				COPY_PHASE_STRIP = NO;
				DEBUG_INFORMATION_FORMAT = "dwarf-with-dsym";
				ENABLE_NS_ASSERTIONS = NO;
				ENABLE_STRICT_OBJC_MSGSEND = YES;
				GCC_C_LANGUAGE_STANDARD = gnu11;
				GCC_NO_COMMON_BLOCKS = YES;
				GCC_WARN_64_TO_32_BIT_CONVERSION = YES;
				GCC_WARN_ABOUT_RETURN_TYPE = YES_ERROR;
				GCC_WARN_UNDECLARED_SELECTOR = YES;
				GCC_WARN_UNINITIALIZED_AUTOS = YES_AGGRESSIVE;
				GCC_WARN_UNUSED_FUNCTION = YES;
				GCC_WARN_UNUSED_VARIABLE = YES;
				IPHONEOS_DEPLOYMENT_TARGET = 11.0;
				MTL_ENABLE_DEBUG_INFO = NO;
				MTL_FAST_MATH = YES;
				SDKROOT = iphoneos;
				SWIFT_COMPILATION_MODE = wholemodule;
				SWIFT_OPTIMIZATION_LEVEL = "-O";
				VALIDATE_PRODUCT = YES;
			};
			name = Release;
		};
		0D0D41EB23E31D570077D6E1 /* Debug */ = {
			isa = XCBuildConfiguration;
			buildSettings = {
				ASSETCATALOG_COMPILER_APPICON_NAME = AppIcon;
				CODE_SIGN_STYLE = Automatic;
				DEVELOPMENT_TEAM = B3D522UAJT;
				INFOPLIST_FILE = LeBaluchon/Info.plist;
				IPHONEOS_DEPLOYMENT_TARGET = 11.0;
				LD_RUNPATH_SEARCH_PATHS = (
					"$(inherited)",
					"@executable_path/Frameworks",
				);
				PRODUCT_BUNDLE_IDENTIFIER = com.Elie.LeBaluchon;
				PRODUCT_NAME = "$(TARGET_NAME)";
				SWIFT_VERSION = 5.0;
				TARGETED_DEVICE_FAMILY = 1;
			};
			name = Debug;
		};
		0D0D41EC23E31D570077D6E1 /* Release */ = {
			isa = XCBuildConfiguration;
			buildSettings = {
				ASSETCATALOG_COMPILER_APPICON_NAME = AppIcon;
				CODE_SIGN_STYLE = Automatic;
				DEVELOPMENT_TEAM = B3D522UAJT;
				INFOPLIST_FILE = LeBaluchon/Info.plist;
				IPHONEOS_DEPLOYMENT_TARGET = 11.0;
				LD_RUNPATH_SEARCH_PATHS = (
					"$(inherited)",
					"@executable_path/Frameworks",
				);
				PRODUCT_BUNDLE_IDENTIFIER = com.Elie.LeBaluchon;
				PRODUCT_NAME = "$(TARGET_NAME)";
				SWIFT_VERSION = 5.0;
				TARGETED_DEVICE_FAMILY = 1;
			};
			name = Release;
		};
		0D0D41EE23E31D570077D6E1 /* Debug */ = {
			isa = XCBuildConfiguration;
			buildSettings = {
				ALWAYS_EMBED_SWIFT_STANDARD_LIBRARIES = YES;
				BUNDLE_LOADER = "$(TEST_HOST)";
				CLANG_ENABLE_MODULES = YES;
				CODE_SIGN_STYLE = Automatic;
				DEVELOPMENT_TEAM = B3D522UAJT;
				INFOPLIST_FILE = LeBaluchonTests/Info.plist;
				IPHONEOS_DEPLOYMENT_TARGET = 13.2;
				LD_RUNPATH_SEARCH_PATHS = (
					"$(inherited)",
					"@executable_path/Frameworks",
					"@loader_path/Frameworks",
				);
				PRODUCT_BUNDLE_IDENTIFIER = com.Elie.LeBaluchonTests;
				PRODUCT_NAME = "$(TARGET_NAME)";
				SWIFT_OPTIMIZATION_LEVEL = "-Onone";
				SWIFT_VERSION = 5.0;
				TARGETED_DEVICE_FAMILY = "1,2";
				TEST_HOST = "$(BUILT_PRODUCTS_DIR)/LeBaluchon.app/LeBaluchon";
			};
			name = Debug;
		};
		0D0D41EF23E31D570077D6E1 /* Release */ = {
			isa = XCBuildConfiguration;
			buildSettings = {
				ALWAYS_EMBED_SWIFT_STANDARD_LIBRARIES = YES;
				BUNDLE_LOADER = "$(TEST_HOST)";
				CLANG_ENABLE_MODULES = YES;
				CODE_SIGN_STYLE = Automatic;
				DEVELOPMENT_TEAM = B3D522UAJT;
				INFOPLIST_FILE = LeBaluchonTests/Info.plist;
				IPHONEOS_DEPLOYMENT_TARGET = 13.2;
				LD_RUNPATH_SEARCH_PATHS = (
					"$(inherited)",
					"@executable_path/Frameworks",
					"@loader_path/Frameworks",
				);
				PRODUCT_BUNDLE_IDENTIFIER = com.Elie.LeBaluchonTests;
				PRODUCT_NAME = "$(TARGET_NAME)";
				SWIFT_VERSION = 5.0;
				TARGETED_DEVICE_FAMILY = "1,2";
				TEST_HOST = "$(BUILT_PRODUCTS_DIR)/LeBaluchon.app/LeBaluchon";
			};
			name = Release;
		};
/* End XCBuildConfiguration section */

/* Begin XCConfigurationList section */
		0D0D41C623E31D4B0077D6E1 /* Build configuration list for PBXProject "LeBaluchon" */ = {
			isa = XCConfigurationList;
			buildConfigurations = (
				0D0D41E823E31D570077D6E1 /* Debug */,
				0D0D41E923E31D570077D6E1 /* Release */,
			);
			defaultConfigurationIsVisible = 0;
			defaultConfigurationName = Release;
		};
		0D0D41EA23E31D570077D6E1 /* Build configuration list for PBXNativeTarget "LeBaluchon" */ = {
			isa = XCConfigurationList;
			buildConfigurations = (
				0D0D41EB23E31D570077D6E1 /* Debug */,
				0D0D41EC23E31D570077D6E1 /* Release */,
			);
			defaultConfigurationIsVisible = 0;
			defaultConfigurationName = Release;
		};
		0D0D41ED23E31D570077D6E1 /* Build configuration list for PBXNativeTarget "LeBaluchonTests" */ = {
			isa = XCConfigurationList;
			buildConfigurations = (
				0D0D41EE23E31D570077D6E1 /* Debug */,
				0D0D41EF23E31D570077D6E1 /* Release */,
			);
			defaultConfigurationIsVisible = 0;
			defaultConfigurationName = Release;
		};
/* End XCConfigurationList section */
	};
	rootObject = 0D0D41C323E31D4B0077D6E1 /* Project object */;
}
